
Microsoft Visual Studio Solution File, Format Version 12.00
# Visual Studio Version 17
VisualStudioVersion = 17.5.002.0
MinimumVisualStudioVersion = 10.0.40219.1
Project("{9A19103F-16F7-4668-BE54-9A1E7A4F7556}") = "InstantInquirySystemOfBankMelli", "InstantInquirySystemOfBankMelli.csproj", "{739A3037-0D44-4689-80B3-9806C2718BD7}"
EndProject
Global
	GlobalSection(SolutionConfigurationPlatforms) = preSolution
		Debug|Any CPU = Debug|Any CPU
		Release|Any CPU = Release|Any CPU
	EndGlobalSection
	GlobalSection(ProjectConfigurationPlatforms) = postSolution
		{739A3037-0D44-4689-80B3-9806C2718BD7}.Debug|Any CPU.ActiveCfg = Debug|Any CPU
		{739A3037-0D44-4689-80B3-9806C2718BD7}.Debug|Any CPU.Build.0 = Debug|Any CPU
		{739A3037-0D44-4689-80B3-9806C2718BD7}.Release|Any CPU.ActiveCfg = Release|Any CPU
		{739A3037-0D44-4689-80B3-9806C2718BD7}.Release|Any CPU.Build.0 = Release|Any CPU
	EndGlobalSection
	GlobalSection(SolutionProperties) = preSolution
		HideSolutionNode = FALSE
	EndGlobalSection
	GlobalSection(ExtensibilityGlobals) = postSolution
		SolutionGuid = {3AE47411-AE22-4C73-B47B-35C3BB5C75FD}
	EndGlobalSection
EndGlobal
